{
	"name": "nodejs-geocoding-examples",
	"version": "1.0.0",
	"lockfileVersion": 3,
	"requires": true,
	"packages": {
		"": {
			"name": "nodejs-geocoding-examples",
			"version": "1.0.0",
			"license": "ISC",
			"dependencies": {
				"@aashari/nodejs-geocoding": "^2.5.0"
			}
		},
		"node_modules/@aashari/nodejs-geocoding": {
			"version": "2.5.0",
			"resolved": "https://registry.npmjs.org/@aashari/nodejs-geocoding/-/nodejs-geocoding-2.5.0.tgz",
			"integrity": "sha512-FfbfZHRRzIB0z53yfyKdwdPCzlIDWjP6CsLplLg7HGeywWS96LEfNFgOEp5DzyJaCTG0jTVjpVRVurzsgPdODQ==",
			"license": "ISC"
		}
	}
}
