{
  "name": "examples",
  "version": "1.0.0",
  "lockfileVersion": 2,
  "requires": true,
  "packages": {
    "": {
      "name": "examples",
      "version": "1.0.0",
      "license": "ISC",
      "dependencies": {
        "@aashari/nodejs-geocoding": "^1.1.0"
      }
    },
    "node_modules/@aashari/nodejs-geocoding": {
      "version": "1.1.0",
      "resolved": "https://npm.pkg.github.com/download/@aashari/nodejs-geocoding/1.1.0/8389656b5accd70e763f38bb7a6b4ba9c9857fa9e916e600cbd45e101bac670c",
      "integrity": "sha512-UNbpD2vd2ETZo06gq9B50rKCGNnn7plyj672hhCLJgzRBylCEeX3jB8q4ryXS9Q3+O+ynOyBhyrzl2GQXeAHIA==",
      "license": "ISC"
    }
  },
  "dependencies": {
    "@aashari/nodejs-geocoding": {
      "version": "1.1.0",
      "resolved": "https://npm.pkg.github.com/download/@aashari/nodejs-geocoding/1.1.0/8389656b5accd70e763f38bb7a6b4ba9c9857fa9e916e600cbd45e101bac670c",
      "integrity": "sha512-UNbpD2vd2ETZo06gq9B50rKCGNnn7plyj672hhCLJgzRBylCEeX3jB8q4ryXS9Q3+O+ynOyBhyrzl2GQXeAHIA=="
    }
  }
}
